devDependencies:
  '@types/node': 11.11.6
  typescript: 3.4.0-rc
lockfileVersion: 5
packages:
  /@types/node/11.11.6:
    dev: true
    resolution:
      integrity: sha512-Exw4yUWMBXM3X+8oqzJNRqZSwUAaS4+7NdvHqQuFi/d+synz++xmX3QIf+BFqneW8N31R8Ky+sikfZUXq07ggQ==
  /typescript/3.4.0-rc:
    dev: true
    engines:
      node: '>=4.2.0'
    hasBin: true
    resolution:
      integrity: sha512-wtm2GwuV0Yy2zvmpFaMDtWHnRbzfERi9FLpL+K+JqGkHoclgEQ6TmD1AMxMIjs80NWRIq0Xp1veQyuZbGsUYsg==
specifiers:
  '@types/node': ^11.11.6
  typescript: ^3.4.0-rc
